
Microsoft Visual Studio Solution File, Format Version 12.00
# Visual Studio Version 16
VisualStudioVersion = 16.0.29424.173
MinimumVisualStudioVersion = 10.0.40219.1
Project("{FAE04EC0-301F-11D3-BF4B-00C04F79EFBC}") = "QuizNSwap", "QuizNSwap.csproj", "{86D13D3A-1FE6-4E67-B2A3-E928791152EB}"
EndProject
Global
	GlobalSection(SolutionConfigurationPlatforms) = preSolution
		Debug|Any CPU = Debug|Any CPU
		Release|Any CPU = Release|Any CPU
	EndGlobalSection
	GlobalSection(ProjectConfigurationPlatforms) = postSolution
		{86D13D3A-1FE6-4E67-B2A3-E928791152EB}.Debug|Any CPU.ActiveCfg = Debug|Any CPU
		{86D13D3A-1FE6-4E67-B2A3-E928791152EB}.Debug|Any CPU.Build.0 = Debug|Any CPU
		{86D13D3A-1FE6-4E67-B2A3-E928791152EB}.Release|Any CPU.ActiveCfg = Release|Any CPU
		{86D13D3A-1FE6-4E67-B2A3-E928791152EB}.Release|Any CPU.Build.0 = Release|Any CPU
	EndGlobalSection
	GlobalSection(SolutionProperties) = preSolution
		HideSolutionNode = FALSE
	EndGlobalSection
	GlobalSection(ExtensibilityGlobals) = postSolution
		SolutionGuid = {BB2963DB-6EA7-457E-B804-EF945F1FA44B}
	EndGlobalSection
EndGlobal
